
Microsoft Visual Studio Solution File, Format Version 12.00
# Visual Studio Version 17
VisualStudioVersion = 17.4.33110.190
MinimumVisualStudioVersion = 10.0.40219.1
Project("{FAE04EC0-301F-11D3-BF4B-00C04F79EFBC}") = "RedisApp", "RedisApp\RedisApp.csproj", "{1F498619-EC09-496B-B3D1-91E272E5EA95}"
EndProject
Global
	GlobalSection(SolutionConfigurationPlatforms) = preSolution
		Debug|Any CPU = Debug|Any CPU
		Release|Any CPU = Release|Any CPU
	EndGlobalSection
	GlobalSection(ProjectConfigurationPlatforms) = postSolution
		{1F498619-EC09-496B-B3D1-91E272E5EA95}.Debug|Any CPU.ActiveCfg = Debug|Any CPU
		{1F498619-EC09-496B-B3D1-91E272E5EA95}.Debug|Any CPU.Build.0 = Debug|Any CPU
		{1F498619-EC09-496B-B3D1-91E272E5EA95}.Release|Any CPU.ActiveCfg = Release|Any CPU
		{1F498619-EC09-496B-B3D1-91E272E5EA95}.Release|Any CPU.Build.0 = Release|Any CPU
	EndGlobalSection
	GlobalSection(SolutionProperties) = preSolution
		HideSolutionNode = FALSE
	EndGlobalSection
	GlobalSection(ExtensibilityGlobals) = postSolution
		SolutionGuid = {573C42FF-93E4-4526-8ACE-54EDA967BAFB}
	EndGlobalSection
EndGlobal
